
Microsoft Visual Studio Solution File, Format Version 12.00
# Visual Studio Version 17
VisualStudioVersion = 17.7.34031.279
MinimumVisualStudioVersion = 10.0.40219.1
Project("{FAE04EC0-301F-11D3-BF4B-00C04F79EFBC}") = "w02p01", "w02p01\w02p01.csproj", "{B068B665-033F-44A9-BEF6-6438D53FBE15}"
EndProject
Global
	GlobalSection(SolutionConfigurationPlatforms) = preSolution
		Debug|Any CPU = Debug|Any CPU
		Release|Any CPU = Release|Any CPU
	EndGlobalSection
	GlobalSection(ProjectConfigurationPlatforms) = postSolution
		{B068B665-033F-44A9-BEF6-6438D53FBE15}.Debug|Any CPU.ActiveCfg = Debug|Any CPU
		{B068B665-033F-44A9-BEF6-6438D53FBE15}.Debug|Any CPU.Build.0 = Debug|Any CPU
		{B068B665-033F-44A9-BEF6-6438D53FBE15}.Release|Any CPU.ActiveCfg = Release|Any CPU
		{B068B665-033F-44A9-BEF6-6438D53FBE15}.Release|Any CPU.Build.0 = Release|Any CPU
	EndGlobalSection
	GlobalSection(SolutionProperties) = preSolution
		HideSolutionNode = FALSE
	EndGlobalSection
	GlobalSection(ExtensibilityGlobals) = postSolution
		SolutionGuid = {AC235178-1684-408B-96B1-751D46CB9701}
	EndGlobalSection
EndGlobal
